
Microsoft Visual Studio Solution File, Format Version 12.00
# Visual Studio Version 16
VisualStudioVersion = 16.0.31729.503
MinimumVisualStudioVersion = 10.0.40219.1
Project("{9A19103F-16F7-4668-BE54-9A1E7A4F7556}") = "compiler", "compiler\compiler.csproj", "{B0DA960E-645F-4342-9D01-1BF54C5BDC80}"
EndProject
Project("{FAE04EC0-301F-11D3-BF4B-00C04F79EFBC}") = "compilerTests", "compilerTests\compilerTests.csproj", "{4389948D-9AFA-4469-9E40-3B3918D5FD74}"
EndProject
Global
	GlobalSection(SolutionConfigurationPlatforms) = preSolution
		Debug|Any CPU = Debug|Any CPU
		Release|Any CPU = Release|Any CPU
	EndGlobalSection
	GlobalSection(ProjectConfigurationPlatforms) = postSolution
		{B0DA960E-645F-4342-9D01-1BF54C5BDC80}.Debug|Any CPU.ActiveCfg = Debug|Any CPU
		{B0DA960E-645F-4342-9D01-1BF54C5BDC80}.Debug|Any CPU.Build.0 = Debug|Any CPU
		{B0DA960E-645F-4342-9D01-1BF54C5BDC80}.Release|Any CPU.ActiveCfg = Release|Any CPU
		{B0DA960E-645F-4342-9D01-1BF54C5BDC80}.Release|Any CPU.Build.0 = Release|Any CPU
		{4389948D-9AFA-4469-9E40-3B3918D5FD74}.Debug|Any CPU.ActiveCfg = Debug|Any CPU
		{4389948D-9AFA-4469-9E40-3B3918D5FD74}.Debug|Any CPU.Build.0 = Debug|Any CPU
		{4389948D-9AFA-4469-9E40-3B3918D5FD74}.Release|Any CPU.ActiveCfg = Release|Any CPU
		{4389948D-9AFA-4469-9E40-3B3918D5FD74}.Release|Any CPU.Build.0 = Release|Any CPU
	EndGlobalSection
	GlobalSection(SolutionProperties) = preSolution
		HideSolutionNode = FALSE
	EndGlobalSection
	GlobalSection(ExtensibilityGlobals) = postSolution
		SolutionGuid = {0DDE7A14-0BDE-4BED-BD02-68391D0512D1}
	EndGlobalSection
EndGlobal
